
Microsoft Visual Studio Solution File, Format Version 12.00
# Visual Studio 15
VisualStudioVersion = 15.0.27130.0
MinimumVisualStudioVersion = 10.0.40219.1
Project("{F2A71F9B-5D33-465A-A702-920D77279786}") = "AdventOfCode2017", "AdventOfCode2017\AdventOfCode2017.fsproj", "{94C510E9-A85B-4878-A0D1-FB2F713D01AB}"
EndProject
Project("{FAE04EC0-301F-11D3-BF4B-00C04F79EFBC}") = "ConsoleApp2", "ConsoleApp2\ConsoleApp2.csproj", "{CCD3EF41-460E-4F36-A206-E1EC7E502E3A}"
EndProject
Global
	GlobalSection(SolutionConfigurationPlatforms) = preSolution
		Debug|Any CPU = Debug|Any CPU
		Release|Any CPU = Release|Any CPU
	EndGlobalSection
	GlobalSection(ProjectConfigurationPlatforms) = postSolution
		{94C510E9-A85B-4878-A0D1-FB2F713D01AB}.Debug|Any CPU.ActiveCfg = Debug|Any CPU
		{94C510E9-A85B-4878-A0D1-FB2F713D01AB}.Debug|Any CPU.Build.0 = Debug|Any CPU
		{94C510E9-A85B-4878-A0D1-FB2F713D01AB}.Release|Any CPU.ActiveCfg = Release|Any CPU
		{94C510E9-A85B-4878-A0D1-FB2F713D01AB}.Release|Any CPU.Build.0 = Release|Any CPU
		{CCD3EF41-460E-4F36-A206-E1EC7E502E3A}.Debug|Any CPU.ActiveCfg = Debug|Any CPU
		{CCD3EF41-460E-4F36-A206-E1EC7E502E3A}.Debug|Any CPU.Build.0 = Debug|Any CPU
		{CCD3EF41-460E-4F36-A206-E1EC7E502E3A}.Release|Any CPU.ActiveCfg = Release|Any CPU
		{CCD3EF41-460E-4F36-A206-E1EC7E502E3A}.Release|Any CPU.Build.0 = Release|Any CPU
	EndGlobalSection
	GlobalSection(SolutionProperties) = preSolution
		HideSolutionNode = FALSE
	EndGlobalSection
	GlobalSection(ExtensibilityGlobals) = postSolution
		SolutionGuid = {A5619944-7D8A-403F-BD12-9218A20819E4}
	EndGlobalSection
EndGlobal
